# THIS IS AN AUTOGENERATED FILE. DO NOT EDIT THIS FILE DIRECTLY.
# yarn lockfile v1


"@zk-kit/imt.sol@^2.0.0-beta":
  version "2.0.0-beta"
  resolved "https://registry.yarnpkg.com/@zk-kit/imt.sol/-/imt.sol-2.0.0-beta.tgz#102f88a52bd6848783fddc0db8219de2f163e684"
  integrity sha512-bH7RvI5WHAEswUwPspUY582O2+71xbYv5aL+DM4xkaA0GdMyMLUwf5c1yJ4wrt46hp07iXCXJsLXdtLNsTnvZw==
  dependencies:
    poseidon-solidity "0.0.5"

poseidon-solidity@0.0.5:
  version "0.0.5"
  resolved "https://registry.yarnpkg.com/poseidon-solidity/-/poseidon-solidity-0.0.5.tgz#3f93e01cfe25f6d2f2fac49734fbb00961b84655"
  integrity sha512-NzrvSwHzvZgT4hvg2GyGqeR+UOU/eLSEt4wAoXEua+VaR7NTKKwx1X9bPlh1VMBEVEno+IWvkRBbidFGzTeAqQ==
